// !$*UTF8*$!
{
	archiveVersion = 1;
	classes = {
	};
	objectVersion = 46;
	objects = {

/* Begin PBXBuildFile section */
		FB8F75851E8C2C5F003159B7 /* AppDelegate.swift in Sources */ = {isa = PBXBuildFile; fileRef = FB8F75841E8C2C5F003159B7 /* AppDelegate.swift */; };
		FB8F75871E8C2C5F003159B7 /* ViewController.swift in Sources */ = {isa = PBXBuildFile; fileRef = FB8F75861E8C2C5F003159B7 /* ViewController.swift */; };
		FB8F75891E8C2C5F003159B7 /* Assets.xcassets in Resources */ = {isa = PBXBuildFile; fileRef = FB8F75881E8C2C5F003159B7 /* Assets.xcassets */; };
		FB8F758C1E8C2C5F003159B7 /* Main.storyboard in Resources */ = {isa = PBXBuildFile; fileRef = FB8F758A1E8C2C5F003159B7 /* Main.storyboard */; };
		FB8F75971E8C2C5F003159B7 /* Xcode8GitExampleTests.swift in Sources */ = {isa = PBXBuildFile; fileRef = FB8F75961E8C2C5F003159B7 /* Xcode8GitExampleTests.swift */; };
		FB8F75A21E8C2C5F003159B7 /* Xcode8GitExampleUITests.swift in Sources */ = {isa = PBXBuildFile; fileRef = FB8F75A11E8C2C5F003159B7 /* Xcode8GitExampleUITests.swift */; };
/* End PBXBuildFile section */

/* Begin PBXContainerItemProxy section */
		FB8F75931E8C2C5F003159B7 /* PBXContainerItemProxy */ = {
			isa = PBXContainerItemProxy;
			containerPortal = FB8F75791E8C2C5F003159B7 /* Project object */;
			proxyType = 1;
			remoteGlobalIDString = FB8F75801E8C2C5F003159B7;
			remoteInfo = Xcode8GitExample;
		};
		FB8F759E1E8C2C5F003159B7 /* PBXContainerItemProxy */ = {
			isa = PBXContainerItemProxy;
			containerPortal = FB8F75791E8C2C5F003159B7 /* Project object */;
			proxyType = 1;
			remoteGlobalIDString = FB8F75801E8C2C5F003159B7;
			remoteInfo = Xcode8GitExample;
		};
/* End PBXContainerItemProxy section */

/* Begin PBXFileReference section */
		FB8F75811E8C2C5F003159B7 /* Xcode8GitExample.app */ = {isa = PBXFileReference; explicitFileType = wrapper.application; includeInIndex = 0; path = Xcode8GitExample.app; sourceTree = BUILT_PRODUCTS_DIR; };
		FB8F75841E8C2C5F003159B7 /* AppDelegate.swift */ = {isa = PBXFileReference; lastKnownFileType = sourcecode.swift; path = AppDelegate.swift; sourceTree = "<group>"; };
		FB8F75861E8C2C5F003159B7 /* ViewController.swift */ = {isa = PBXFileReference; lastKnownFileType = sourcecode.swift; path = ViewController.swift; sourceTree = "<group>"; };
		FB8F75881E8C2C5F003159B7 /* Assets.xcassets */ = {isa = PBXFileReference; lastKnownFileType = folder.assetcatalog; path = Assets.xcassets; sourceTree = "<group>"; };
		FB8F758B1E8C2C5F003159B7 /* Base */ = {isa = PBXFileReference; lastKnownFileType = file.storyboard; name = Base; path = Base.lproj/Main.storyboard; sourceTree = "<group>"; };
		FB8F758D1E8C2C5F003159B7 /* Info.plist */ = {isa = PBXFileReference; lastKnownFileType = text.plist.xml; path = Info.plist; sourceTree = "<group>"; };
		FB8F75921E8C2C5F003159B7 /* Xcode8GitExampleTests.xctest */ = {isa = PBXFileReference; explicitFileType = wrapper.cfbundle; includeInIndex = 0; path = Xcode8GitExampleTests.xctest; sourceTree = BUILT_PRODUCTS_DIR; };
		FB8F75961E8C2C5F003159B7 /* Xcode8GitExampleTests.swift */ = {isa = PBXFileReference; lastKnownFileType = sourcecode.swift; path = Xcode8GitExampleTests.swift; sourceTree = "<group>"; };
		FB8F75981E8C2C5F003159B7 /* Info.plist */ = {isa = PBXFileReference; lastKnownFileType = text.plist.xml; path = Info.plist; sourceTree = "<group>"; };
		FB8F759D1E8C2C5F003159B7 /* Xcode8GitExampleUITests.xctest */ = {isa = PBXFileReference; explicitFileType = wrapper.cfbundle; includeInIndex = 0; path = Xcode8GitExampleUITests.xctest; sourceTree = BUILT_PRODUCTS_DIR; };
		FB8F75A11E8C2C5F003159B7 /* Xcode8GitExampleUITests.swift */ = {isa = PBXFileReference; lastKnownFileType = sourcecode.swift; path = Xcode8GitExampleUITests.swift; sourceTree = "<group>"; };
		FB8F75A31E8C2C5F003159B7 /* Info.plist */ = {isa = PBXFileReference; lastKnownFileType = text.plist.xml; path = Info.plist; sourceTree = "<group>"; };
/* End PBXFileReference section */

/* Begin PBXFrameworksBuildPhase section */
		FB8F757E1E8C2C5F003159B7 /* Frameworks */ = {
			isa = PBXFrameworksBuildPhase;
			buildActionMask = 2147483647;
			files = (
			);
			runOnlyForDeploymentPostprocessing = 0;
		};
		FB8F758F1E8C2C5F003159B7 /* Frameworks */ = {
			isa = PBXFrameworksBuildPhase;
			buildActionMask = 2147483647;
			files = (
			);
			runOnlyForDeploymentPostprocessing = 0;
		};
		FB8F759A1E8C2C5F003159B7 /* Frameworks */ = {
			isa = PBXFrameworksBuildPhase;
			buildActionMask = 2147483647;
			files = (
			);
			runOnlyForDeploymentPostprocessing = 0;
		};
/* End PBXFrameworksBuildPhase section */

/* Begin PBXGroup section */
		FB8F75781E8C2C5F003159B7 = {
			isa = PBXGroup;
			children = (
				FB8F75831E8C2C5F003159B7 /* Xcode8GitExample */,
				FB8F75951E8C2C5F003159B7 /* Xcode8GitExampleTests */,
				FB8F75A01E8C2C5F003159B7 /* Xcode8GitExampleUITests */,
				FB8F75821E8C2C5F003159B7 /* Products */,
			);
			sourceTree = "<group>";
		};
		FB8F75821E8C2C5F003159B7 /* Products */ = {
			isa = PBXGroup;
			children = (
				FB8F75811E8C2C5F003159B7 /* Xcode8GitExample.app */,
				FB8F75921E8C2C5F003159B7 /* Xcode8GitExampleTests.xctest */,
				FB8F759D1E8C2C5F003159B7 /* Xcode8GitExampleUITests.xctest */,
			);
			name = Products;
			sourceTree = "<group>";
		};
		FB8F75831E8C2C5F003159B7 /* Xcode8GitExample */ = {
			isa = PBXGroup;
			children = (
				FB8F75841E8C2C5F003159B7 /* AppDelegate.swift */,
				FB8F75861E8C2C5F003159B7 /* ViewController.swift */,
				FB8F75881E8C2C5F003159B7 /* Assets.xcassets */,
				FB8F758A1E8C2C5F003159B7 /* Main.storyboard */,
				FB8F758D1E8C2C5F003159B7 /* Info.plist */,
			);
			path = Xcode8GitExample;
			sourceTree = "<group>";
		};
		FB8F75951E8C2C5F003159B7 /* Xcode8GitExampleTests */ = {
			isa = PBXGroup;
			children = (
				FB8F75961E8C2C5F003159B7 /* Xcode8GitExampleTests.swift */,
				FB8F75981E8C2C5F003159B7 /* Info.plist */,
			);
			path = Xcode8GitExampleTests;
			sourceTree = "<group>";
		};
		FB8F75A01E8C2C5F003159B7 /* Xcode8GitExampleUITests */ = {
			isa = PBXGroup;
			children = (
				FB8F75A11E8C2C5F003159B7 /* Xcode8GitExampleUITests.swift */,
				FB8F75A31E8C2C5F003159B7 /* Info.plist */,
			);
			path = Xcode8GitExampleUITests;
			sourceTree = "<group>";
		};
/* End PBXGroup section */

/* Begin PBXNativeTarget section */
		FB8F75801E8C2C5F003159B7 /* Xcode8GitExample */ = {
			isa = PBXNativeTarget;
			buildConfigurationList = FB8F75A61E8C2C5F003159B7 /* Build configuration list for PBXNativeTarget "Xcode8GitExample" */;
			buildPhases = (
				FB8F757D1E8C2C5F003159B7 /* Sources */,
				FB8F757E1E8C2C5F003159B7 /* Frameworks */,
				FB8F757F1E8C2C5F003159B7 /* Resources */,
			);
			buildRules = (
			);
			dependencies = (
			);
			name = Xcode8GitExample;
			productName = Xcode8GitExample;
			productReference = FB8F75811E8C2C5F003159B7 /* Xcode8GitExample.app */;
			productType = "com.apple.product-type.application";
		};
		FB8F75911E8C2C5F003159B7 /* Xcode8GitExampleTests */ = {
			isa = PBXNativeTarget;
			buildConfigurationList = FB8F75A91E8C2C5F003159B7 /* Build configuration list for PBXNativeTarget "Xcode8GitExampleTests" */;
			buildPhases = (
				FB8F758E1E8C2C5F003159B7 /* Sources */,
				FB8F758F1E8C2C5F003159B7 /* Frameworks */,
				FB8F75901E8C2C5F003159B7 /* Resources */,
			);
			buildRules = (
			);
			dependencies = (
				FB8F75941E8C2C5F003159B7 /* PBXTargetDependency */,
			);
			name = Xcode8GitExampleTests;
			productName = Xcode8GitExampleTests;
			productReference = FB8F75921E8C2C5F003159B7 /* Xcode8GitExampleTests.xctest */;
			productType = "com.apple.product-type.bundle.unit-test";
		};
		FB8F759C1E8C2C5F003159B7 /* Xcode8GitExampleUITests */ = {
			isa = PBXNativeTarget;
			buildConfigurationList = FB8F75AC1E8C2C5F003159B7 /* Build configuration list for PBXNativeTarget "Xcode8GitExampleUITests" */;
			buildPhases = (
				FB8F75991E8C2C5F003159B7 /* Sources */,
				FB8F759A1E8C2C5F003159B7 /* Frameworks */,
				FB8F759B1E8C2C5F003159B7 /* Resources */,
			);
			buildRules = (
			);
			dependencies = (
				FB8F759F1E8C2C5F003159B7 /* PBXTargetDependency */,
			);
			name = Xcode8GitExampleUITests;
			productName = Xcode8GitExampleUITests;
			productReference = FB8F759D1E8C2C5F003159B7 /* Xcode8GitExampleUITests.xctest */;
			productType = "com.apple.product-type.bundle.ui-testing";
		};
/* End PBXNativeTarget section */

/* Begin PBXProject section */
		FB8F75791E8C2C5F003159B7 /* Project object */ = {
			isa = PBXProject;
			attributes = {
				LastSwiftUpdateCheck = 0830;
				LastUpgradeCheck = 0830;
				ORGANIZATIONNAME = "Matilda Frommegård";
				TargetAttributes = {
					FB8F75801E8C2C5F003159B7 = {
						CreatedOnToolsVersion = 8.3;
						ProvisioningStyle = Automatic;
					};
					FB8F75911E8C2C5F003159B7 = {
						CreatedOnToolsVersion = 8.3;
						ProvisioningStyle = Automatic;
						TestTargetID = FB8F75801E8C2C5F003159B7;
					};
					FB8F759C1E8C2C5F003159B7 = {
						CreatedOnToolsVersion = 8.3;
						ProvisioningStyle = Automatic;
						TestTargetID = FB8F75801E8C2C5F003159B7;
					};
				};
			};
			buildConfigurationList = FB8F757C1E8C2C5F003159B7 /* Build configuration list for PBXProject "Xcode8GitExample" */;
			compatibilityVersion = "Xcode 3.2";
			developmentRegion = English;
			hasScannedForEncodings = 0;
			knownRegions = (
				en,
				Base,
			);
			mainGroup = FB8F75781E8C2C5F003159B7;
			productRefGroup = FB8F75821E8C2C5F003159B7 /* Products */;
			projectDirPath = "";
			projectRoot = "";
			targets = (
				FB8F75801E8C2C5F003159B7 /* Xcode8GitExample */,
				FB8F75911E8C2C5F003159B7 /* Xcode8GitExampleTests */,
				FB8F759C1E8C2C5F003159B7 /* Xcode8GitExampleUITests */,
			);
		};
/* End PBXProject section */

/* Begin PBXResourcesBuildPhase section */
		FB8F757F1E8C2C5F003159B7 /* Resources */ = {
			isa = PBXResourcesBuildPhase;
			buildActionMask = 2147483647;
			files = (
				FB8F75891E8C2C5F003159B7 /* Assets.xcassets in Resources */,
				FB8F758C1E8C2C5F003159B7 /* Main.storyboard in Resources */,
			);
			runOnlyForDeploymentPostprocessing = 0;
		};
		FB8F75901E8C2C5F003159B7 /* Resources */ = {
			isa = PBXResourcesBuildPhase;
			buildActionMask = 2147483647;
			files = (
			);
			runOnlyForDeploymentPostprocessing = 0;
		};
		FB8F759B1E8C2C5F003159B7 /* Resources */ = {
			isa = PBXResourcesBuildPhase;
			buildActionMask = 2147483647;
			files = (
			);
			runOnlyForDeploymentPostprocessing = 0;
		};
/* End PBXResourcesBuildPhase section */

/* Begin PBXSourcesBuildPhase section */
		FB8F757D1E8C2C5F003159B7 /* Sources */ = {
			isa = PBXSourcesBuildPhase;
			buildActionMask = 2147483647;
			files = (
				FB8F75871E8C2C5F003159B7 /* ViewController.swift in Sources */,
				FB8F75851E8C2C5F003159B7 /* AppDelegate.swift in Sources */,
			);
			runOnlyForDeploymentPostprocessing = 0;
		};
		FB8F758E1E8C2C5F003159B7 /* Sources */ = {
			isa = PBXSourcesBuildPhase;
			buildActionMask = 2147483647;
			files = (
				FB8F75971E8C2C5F003159B7 /* Xcode8GitExampleTests.swift in Sources */,
			);
			runOnlyForDeploymentPostprocessing = 0;
		};
		FB8F75991E8C2C5F003159B7 /* Sources */ = {
			isa = PBXSourcesBuildPhase;
			buildActionMask = 2147483647;
			files = (
				FB8F75A21E8C2C5F003159B7 /* Xcode8GitExampleUITests.swift in Sources */,
			);
			runOnlyForDeploymentPostprocessing = 0;
		};
/* End PBXSourcesBuildPhase section */

/* Begin PBXTargetDependency section */
		FB8F75941E8C2C5F003159B7 /* PBXTargetDependency */ = {
			isa = PBXTargetDependency;
			target = FB8F75801E8C2C5F003159B7 /* Xcode8GitExample */;
			targetProxy = FB8F75931E8C2C5F003159B7 /* PBXContainerItemProxy */;
		};
		FB8F759F1E8C2C5F003159B7 /* PBXTargetDependency */ = {
			isa = PBXTargetDependency;
			target = FB8F75801E8C2C5F003159B7 /* Xcode8GitExample */;
			targetProxy = FB8F759E1E8C2C5F003159B7 /* PBXContainerItemProxy */;
		};
/* End PBXTargetDependency section */

/* Begin PBXVariantGroup section */
		FB8F758A1E8C2C5F003159B7 /* Main.storyboard */ = {
			isa = PBXVariantGroup;
			children = (
				FB8F758B1E8C2C5F003159B7 /* Base */,
			);
			name = Main.storyboard;
			sourceTree = "<group>";
		};
/* End PBXVariantGroup section */

/* Begin XCBuildConfiguration section */
		FB8F75A41E8C2C5F003159B7 /* Debug */ = {
			isa = XCBuildConfiguration;
			buildSettings = {
				ALWAYS_SEARCH_USER_PATHS = NO;
				CLANG_ANALYZER_NONNULL = YES;
				CLANG_ANALYZER_NUMBER_OBJECT_CONVERSION = YES_AGGRESSIVE;
				CLANG_CXX_LANGUAGE_STANDARD = "gnu++0x";
				CLANG_CXX_LIBRARY = "libc++";
				CLANG_ENABLE_MODULES = YES;
				CLANG_ENABLE_OBJC_ARC = YES;
				CLANG_WARN_BOOL_CONVERSION = YES;
				CLANG_WARN_CONSTANT_CONVERSION = YES;
				CLANG_WARN_DIRECT_OBJC_ISA_USAGE = YES_ERROR;
				CLANG_WARN_DOCUMENTATION_COMMENTS = YES;
				CLANG_WARN_EMPTY_BODY = YES;
				CLANG_WARN_ENUM_CONVERSION = YES;
				CLANG_WARN_INFINITE_RECURSION = YES;
				CLANG_WARN_INT_CONVERSION = YES;
				CLANG_WARN_OBJC_ROOT_CLASS = YES_ERROR;
				CLANG_WARN_SUSPICIOUS_MOVE = YES;
				CLANG_WARN_UNREACHABLE_CODE = YES;
				CLANG_WARN__DUPLICATE_METHOD_MATCH = YES;
				CODE_SIGN_IDENTITY = "-";
				COPY_PHASE_STRIP = NO;
				DEBUG_INFORMATION_FORMAT = dwarf;
				ENABLE_STRICT_OBJC_MSGSEND = YES;
				ENABLE_TESTABILITY = YES;
				GCC_C_LANGUAGE_STANDARD = gnu99;
				GCC_DYNAMIC_NO_PIC = NO;
				GCC_NO_COMMON_BLOCKS = YES;
				GCC_OPTIMIZATION_LEVEL = 0;
				GCC_PREPROCESSOR_DEFINITIONS = (
					"DEBUG=1",
					"$(inherited)",
				);
				GCC_WARN_64_TO_32_BIT_CONVERSION = YES;
				GCC_WARN_ABOUT_RETURN_TYPE = YES_ERROR;
				GCC_WARN_UNDECLARED_SELECTOR = YES;
				GCC_WARN_UNINITIALIZED_AUTOS = YES_AGGRESSIVE;
				GCC_WARN_UNUSED_FUNCTION = YES;
				GCC_WARN_UNUSED_VARIABLE = YES;
				MACOSX_DEPLOYMENT_TARGET = 10.12;
				MTL_ENABLE_DEBUG_INFO = YES;
				ONLY_ACTIVE_ARCH = YES;
				SDKROOT = macosx;
				SWIFT_ACTIVE_COMPILATION_CONDITIONS = DEBUG;
				SWIFT_OPTIMIZATION_LEVEL = "-Onone";
			};
			name = Debug;
		};
		FB8F75A51E8C2C5F003159B7 /* Release */ = {
			isa = XCBuildConfiguration;
			buildSettings = {
				ALWAYS_SEARCH_USER_PATHS = NO;
				CLANG_ANALYZER_NONNULL = YES;
				CLANG_ANALYZER_NUMBER_OBJECT_CONVERSION = YES_AGGRESSIVE;
				CLANG_CXX_LANGUAGE_STANDARD = "gnu++0x";
				CLANG_CXX_LIBRARY = "libc++";
				CLANG_ENABLE_MODULES = YES;
				CLANG_ENABLE_OBJC_ARC = YES;
				CLANG_WARN_BOOL_CONVERSION = YES;
				CLANG_WARN_CONSTANT_CONVERSION = YES;
				CLANG_WARN_DIRECT_OBJC_ISA_USAGE = YES_ERROR;
				CLANG_WARN_DOCUMENTATION_COMMENTS = YES;
				CLANG_WARN_EMPTY_BODY = YES;
				CLANG_WARN_ENUM_CONVERSION = YES;
				CLANG_WARN_INFINITE_RECURSION = YES;
				CLANG_WARN_INT_CONVERSION = YES;
				CLANG_WARN_OBJC_ROOT_CLASS = YES_ERROR;
				CLANG_WARN_SUSPICIOUS_MOVE = YES;
				CLANG_WARN_UNREACHABLE_CODE = YES;
				CLANG_WARN__DUPLICATE_METHOD_MATCH = YES;
				CODE_SIGN_IDENTITY = "-";
				COPY_PHASE_STRIP = NO;
				DEBUG_INFORMATION_FORMAT = "dwarf-with-dsym";
				ENABLE_NS_ASSERTIONS = NO;
				ENABLE_STRICT_OBJC_MSGSEND = YES;
				GCC_C_LANGUAGE_STANDARD = gnu99;
				GCC_NO_COMMON_BLOCKS = YES;
				GCC_WARN_64_TO_32_BIT_CONVERSION = YES;
				GCC_WARN_ABOUT_RETURN_TYPE = YES_ERROR;
				GCC_WARN_UNDECLARED_SELECTOR = YES;
				GCC_WARN_UNINITIALIZED_AUTOS = YES_AGGRESSIVE;
				GCC_WARN_UNUSED_FUNCTION = YES;
				GCC_WARN_UNUSED_VARIABLE = YES;
				MACOSX_DEPLOYMENT_TARGET = 10.12;
				MTL_ENABLE_DEBUG_INFO = NO;
				SDKROOT = macosx;
				SWIFT_OPTIMIZATION_LEVEL = "-Owholemodule";
			};
			name = Release;
		};
		FB8F75A71E8C2C5F003159B7 /* Debug */ = {
			isa = XCBuildConfiguration;
			buildSettings = {
				ASSETCATALOG_COMPILER_APPICON_NAME = AppIcon;
				COMBINE_HIDPI_IMAGES = YES;
				INFOPLIST_FILE = Xcode8GitExample/Info.plist;
				LD_RUNPATH_SEARCH_PATHS = "$(inherited) @executable_path/../Frameworks";
				PRODUCT_BUNDLE_IDENTIFIER = com.frommegard.Xcode8GitExample;
				PRODUCT_NAME = "$(TARGET_NAME)";
				SWIFT_VERSION = 3.0;
			};
			name = Debug;
		};
		FB8F75A81E8C2C5F003159B7 /* Release */ = {
			isa = XCBuildConfiguration;
			buildSettings = {
				ASSETCATALOG_COMPILER_APPICON_NAME = AppIcon;
				COMBINE_HIDPI_IMAGES = YES;
				INFOPLIST_FILE = Xcode8GitExample/Info.plist;
				LD_RUNPATH_SEARCH_PATHS = "$(inherited) @executable_path/../Frameworks";
				PRODUCT_BUNDLE_IDENTIFIER = com.frommegard.Xcode8GitExample;
				PRODUCT_NAME = "$(TARGET_NAME)";
				SWIFT_VERSION = 3.0;
			};
			name = Release;
		};
		FB8F75AA1E8C2C5F003159B7 /* Debug */ = {
			isa = XCBuildConfiguration;
			buildSettings = {
				ALWAYS_EMBED_SWIFT_STANDARD_LIBRARIES = YES;
				BUNDLE_LOADER = "$(TEST_HOST)";
				COMBINE_HIDPI_IMAGES = YES;
				INFOPLIST_FILE = Xcode8GitExampleTests/Info.plist;
				LD_RUNPATH_SEARCH_PATHS = "$(inherited) @executable_path/../Frameworks @loader_path/../Frameworks";
				PRODUCT_BUNDLE_IDENTIFIER = com.frommegard.Xcode8GitExampleTests;
				PRODUCT_NAME = "$(TARGET_NAME)";
				SWIFT_VERSION = 3.0;
				TEST_HOST = "$(BUILT_PRODUCTS_DIR)/Xcode8GitExample.app/Contents/MacOS/Xcode8GitExample";
			};
			name = Debug;
		};
		FB8F75AB1E8C2C5F003159B7 /* Release */ = {
			isa = XCBuildConfiguration;
			buildSettings = {
				ALWAYS_EMBED_SWIFT_STANDARD_LIBRARIES = YES;
				BUNDLE_LOADER = "$(TEST_HOST)";
				COMBINE_HIDPI_IMAGES = YES;
				INFOPLIST_FILE = Xcode8GitExampleTests/Info.plist;
				LD_RUNPATH_SEARCH_PATHS = "$(inherited) @executable_path/../Frameworks @loader_path/../Frameworks";
				PRODUCT_BUNDLE_IDENTIFIER = com.frommegard.Xcode8GitExampleTests;
				PRODUCT_NAME = "$(TARGET_NAME)";
				SWIFT_VERSION = 3.0;
				TEST_HOST = "$(BUILT_PRODUCTS_DIR)/Xcode8GitExample.app/Contents/MacOS/Xcode8GitExample";
			};
			name = Release;
		};
		FB8F75AD1E8C2C5F003159B7 /* Debug */ = {
			isa = XCBuildConfiguration;
			buildSettings = {
				ALWAYS_EMBED_SWIFT_STANDARD_LIBRARIES = YES;
				COMBINE_HIDPI_IMAGES = YES;
				INFOPLIST_FILE = Xcode8GitExampleUITests/Info.plist;
				LD_RUNPATH_SEARCH_PATHS = "$(inherited) @executable_path/../Frameworks @loader_path/../Frameworks";
				PRODUCT_BUNDLE_IDENTIFIER = com.frommegard.Xcode8GitExampleUITests;
				PRODUCT_NAME = "$(TARGET_NAME)";
				SWIFT_VERSION = 3.0;
				TEST_TARGET_NAME = Xcode8GitExample;
			};
			name = Debug;
		};
		FB8F75AE1E8C2C5F003159B7 /* Release */ = {
			isa = XCBuildConfiguration;
			buildSettings = {
				ALWAYS_EMBED_SWIFT_STANDARD_LIBRARIES = YES;
				COMBINE_HIDPI_IMAGES = YES;
				INFOPLIST_FILE = Xcode8GitExampleUITests/Info.plist;
				LD_RUNPATH_SEARCH_PATHS = "$(inherited) @executable_path/../Frameworks @loader_path/../Frameworks";
				PRODUCT_BUNDLE_IDENTIFIER = com.frommegard.Xcode8GitExampleUITests;
				PRODUCT_NAME = "$(TARGET_NAME)";
				SWIFT_VERSION = 3.0;
				TEST_TARGET_NAME = Xcode8GitExample;
			};
			name = Release;
		};
/* End XCBuildConfiguration section */

/* Begin XCConfigurationList section */
		FB8F757C1E8C2C5F003159B7 /* Build configuration list for PBXProject "Xcode8GitExample" */ = {
			isa = XCConfigurationList;
			buildConfigurations = (
				FB8F75A41E8C2C5F003159B7 /* Debug */,
				FB8F75A51E8C2C5F003159B7 /* Release */,
			);
			defaultConfigurationIsVisible = 0;
			defaultConfigurationName = Release;
		};
		FB8F75A61E8C2C5F003159B7 /* Build configuration list for PBXNativeTarget "Xcode8GitExample" */ = {
			isa = XCConfigurationList;
			buildConfigurations = (
				FB8F75A71E8C2C5F003159B7 /* Debug */,
				FB8F75A81E8C2C5F003159B7 /* Release */,
			);
			defaultConfigurationIsVisible = 0;
		};
		FB8F75A91E8C2C5F003159B7 /* Build configuration list for PBXNativeTarget "Xcode8GitExampleTests" */ = {
			isa = XCConfigurationList;
			buildConfigurations = (
				FB8F75AA1E8C2C5F003159B7 /* Debug */,
				FB8F75AB1E8C2C5F003159B7 /* Release */,
			);
			defaultConfigurationIsVisible = 0;
		};
		FB8F75AC1E8C2C5F003159B7 /* Build configuration list for PBXNativeTarget "Xcode8GitExampleUITests" */ = {
			isa = XCConfigurationList;
			buildConfigurations = (
				FB8F75AD1E8C2C5F003159B7 /* Debug */,
				FB8F75AE1E8C2C5F003159B7 /* Release */,
			);
			defaultConfigurationIsVisible = 0;
		};
/* End XCConfigurationList section */
	};
	rootObject = FB8F75791E8C2C5F003159B7 /* Project object */;
}
